
Microsoft Visual Studio Solution File, Format Version 12.00
# Visual Studio Version 16
VisualStudioVersion = 16.0.29209.62
MinimumVisualStudioVersion = 10.0.40219.1
Project("{2150E333-8FDC-42A3-9474-1A3956D46DE8}") = "1 . UI", "1 . UI", "{08DF46C0-C295-4F2C-A94C-8D2E8724E735}"
EndProject
Project("{2150E333-8FDC-42A3-9474-1A3956D46DE8}") = "2 . View Model", "2 . View Model", "{E9EFC34B-C2BC-4050-824D-59A6FC5F26F1}"
	ProjectSection(SolutionItems) = preProject
		Budget.Model\Budget.Model.csproj = Budget.Model\Budget.Model.csproj
	EndProjectSection
EndProject
Project("{FAE04EC0-301F-11D3-BF4B-00C04F79EFBC}") = "BlueLotus.ViewModel", "BlueLotus.Model\BlueLotus.ViewModel.csproj", "{56D67E0B-841F-48D2-9A09-9692AF69739D}"
EndProject
Project("{FAE04EC0-301F-11D3-BF4B-00C04F79EFBC}") = "BlueLotus.UI", "BlueLotus.UI\BlueLotus.UI.csproj", "{B398B863-5D8F-4BE4-A841-39FD8AB23E6E}"
EndProject
Project("{FAE04EC0-301F-11D3-BF4B-00C04F79EFBC}") = "BlueLotus.TransactionModel", "TransactionModel\BlueLotus.TransactionModel.csproj", "{8F0A2FD0-C113-4CBB-98E9-DA9649B98C0E}"
EndProject
Project("{FAE04EC0-301F-11D3-BF4B-00C04F79EFBC}") = "BlueLotus.AccountsReports.Model", "BlueLotus.AccountsReports.Model\BlueLotus.AccountsReports.Model.csproj", "{6F258665-8982-4D4A-85CB-2F23243B9D54}"
EndProject
Project("{FAE04EC0-301F-11D3-BF4B-00C04F79EFBC}") = "BlueLotus.Codes.Model", "BlueLotus.Codes.Model\BlueLotus.Codes.Model.csproj", "{A18753A9-C648-4470-93B0-F21D1884B4A1}"
EndProject
Project("{FAE04EC0-301F-11D3-BF4B-00C04F79EFBC}") = "BlueLotus.ObjMas.Model", "BlueLotus.ObjMas.Model\BlueLotus.ObjMas.Model.csproj", "{1422C4E3-71E2-4059-A44A-53CCD5EDC718}"
EndProject
Project("{FAE04EC0-301F-11D3-BF4B-00C04F79EFBC}") = "BlueLotus.Payment.Model", "BlueLotus.Payment.Model\BlueLotus.Payment.Model.csproj", "{ACEB80BE-2930-4D78-99E7-07E0F788E625}"
EndProject
Project("{FAE04EC0-301F-11D3-BF4B-00C04F79EFBC}") = "BlueLotus.ItmMas.Model", "BlueLotus.ItmMas.Model\BlueLotus.ItmMas.Model.csproj", "{CDD81AF6-1189-4D54-9138-0AAF262F595F}"
EndProject
Project("{FAE04EC0-301F-11D3-BF4B-00C04F79EFBC}") = "BlueLotus.BankReconciliation.Model", "BlueLotus.BankReconciliation.Model\BlueLotus.BankReconciliation.Model.csproj", "{4C19797E-EA24-46B7-A64B-8FD08357A31E}"
EndProject
Project("{FAE04EC0-301F-11D3-BF4B-00C04F79EFBC}") = "BlueLotus.ManageAllAccounts.Model", "BlueLotus.ManageAllAccounts.Model\BlueLotus.ManageAllAccounts.Model.csproj", "{01C247AE-26CC-45A7-8C83-72AFEBB39357}"
EndProject
Project("{FAE04EC0-301F-11D3-BF4B-00C04F79EFBC}") = "BlueLotus.BOQ.Model", "BlueLotus.BOQ.Model\BlueLotus.BOQ.Model.csproj", "{DD6C08D2-3679-43DE-AEC5-575038FD56DA}"
EndProject
Project("{FAE04EC0-301F-11D3-BF4B-00C04F79EFBC}") = "BlueLotus.Report.Model", "BlueLotus.Report.Model\BlueLotus.Report.Model.csproj", "{2DE35C1E-2EB0-47DE-8710-2771CE5A0649}"
EndProject
Project("{FAE04EC0-301F-11D3-BF4B-00C04F79EFBC}") = "BlueLotus.Gantt.ViewModel", "BlueLotus.Gantt.ViewModel\BlueLotus.Gantt.ViewModel.csproj", "{A11A6C19-54F7-48F7-AD7B-6EEFA827394A}"
EndProject
Project("{FAE04EC0-301F-11D3-BF4B-00C04F79EFBC}") = "SplOrderModel", "SplOrderModel\SplOrderModel.csproj", "{8C942E03-CA47-4A52-8792-004DDFC7B2F7}"
EndProject
Project("{FAE04EC0-301F-11D3-BF4B-00C04F79EFBC}") = "BlueLotus.Calendar.Model", "BlueLotus.Calendar.Model\BlueLotus.Calendar.Model.csproj", "{CB57DABC-BFCF-4995-B547-EF2167C30271}"
EndProject
Project("{FAE04EC0-301F-11D3-BF4B-00C04F79EFBC}") = "BlueLotus.ComboLoad.Model", "BlueLotus.ComboLoad.Model\BlueLotus.ComboLoad.Model.csproj", "{E157DFAA-8FA9-47EA-B852-AE67C1A97C5E}"
EndProject
Project("{FAE04EC0-301F-11D3-BF4B-00C04F79EFBC}") = "BlueLotus.ItmTax.Model", "BlueLotus.ItmTax.Model\BlueLotus.ItmTax.Model.csproj", "{EE1F7CCE-5851-4007-85D1-D79833DE785A}"
EndProject
Project("{FAE04EC0-301F-11D3-BF4B-00C04F79EFBC}") = "BlueLotus.ItemDiscount.Model", "BlueLotus.ItemDiscount.Model\BlueLotus.ItemDiscount.Model.csproj", "{2D958CC5-473C-41AF-87F6-7D4434EEBEA5}"
EndProject
Project("{FAE04EC0-301F-11D3-BF4B-00C04F79EFBC}") = "BlueLotus.PaymentShedule.Model", "BlueLotus.PaymentShedule.Model\BlueLotus.PaymentShedule.Model.csproj", "{7B037575-984D-4BE1-B614-539E1F38678A}"
EndProject
Project("{FAE04EC0-301F-11D3-BF4B-00C04F79EFBC}") = "BlueLotus.GeoLocation.Model", "BlueLotus.GeoLocation.Model\BlueLotus.GeoLocation.Model.csproj", "{67B9FF34-B0AA-44E7-858A-A7EFA8AC482F}"
EndProject
Project("{FAE04EC0-301F-11D3-BF4B-00C04F79EFBC}") = "BlueLotus.Alert.Model", "BlueLotus.Alert.Model\BlueLotus.Alert.Model.csproj", "{C9A3EE58-E536-489C-8114-4B73C9D9D640}"
EndProject
Project("{FAE04EC0-301F-11D3-BF4B-00C04F79EFBC}") = "BlueLotus.AdvPmtReqst.Model", "BlueLotus.AdvPmtReqst.Model\BlueLotus.AdvPmtReqst.Model.csproj", "{D06058CD-67BA-4010-BE1E-26B3A47CFFD2}"
EndProject
Project("{FAE04EC0-301F-11D3-BF4B-00C04F79EFBC}") = "BlueLotus.Prefix.Model", "BlueLotus.Prefix.Model\BlueLotus.Prefix.Model.csproj", "{3C667EF6-9195-4A60-8843-8F5AAFAE0F29}"
EndProject
Project("{FAE04EC0-301F-11D3-BF4B-00C04F79EFBC}") = "BlueLotus.MultiUnit.Model", "BlueLotus.MultiUnit.Model\BlueLotus.MultiUnit.Model.csproj", "{39AB9A77-E309-4759-895B-F62974C4E993}"
EndProject
Project("{FAE04EC0-301F-11D3-BF4B-00C04F79EFBC}") = "BlueLotus.Device.Model", "BlueLotus.Device.Model\BlueLotus.Device.Model.csproj", "{71B23D44-9594-4F4A-BC4B-BE8723E4DEB0}"
EndProject
Project("{FAE04EC0-301F-11D3-BF4B-00C04F79EFBC}") = "BlueLotus.Promotion.Model", "BlueLotus.Promotion.Model\BlueLotus.Promotion.Model.csproj", "{F87A1E1B-766D-4663-AA9E-F4B1CF500380}"
EndProject
Project("{FAE04EC0-301F-11D3-BF4B-00C04F79EFBC}") = "BlueLotus.POSDashBoard.Model", "BlueLotus.POSDashBoard.Model\BlueLotus.POSDashBoard.Model.csproj", "{35EB7CA3-0E30-43F4-AFF5-E75206F96633}"
EndProject
Project("{FAE04EC0-301F-11D3-BF4B-00C04F79EFBC}") = "BlueLotus.ImportModel", "BlueLotus.ImportModel\BlueLotus.ImportModel.csproj", "{F49F3D0B-53B8-42EC-A064-75F70B6CBE17}"
EndProject
Project("{FAE04EC0-301F-11D3-BF4B-00C04F79EFBC}") = "BlueLotus.TaskProgress.Model", "BlueLotus.TaskProgress.Model\BlueLotus.TaskProgress.Model.csproj", "{1F8D6F1E-E4EC-42A6-B467-DEAF36AF18D6}"
EndProject
Project("{FAE04EC0-301F-11D3-BF4B-00C04F79EFBC}") = "BlueLotus.Attendance.Model", "BlueLotus.Attendance.Model\BlueLotus.Attendance.Model.csproj", "{B9806956-DAC0-4E55-9A84-F319B77EE27D}"
EndProject
Project("{FAE04EC0-301F-11D3-BF4B-00C04F79EFBC}") = "BlueLotus.Shift_Model", "BlueLotus.Shift_Model\BlueLotus.Shift_Model.csproj", "{4DBBD000-AE35-43A4-854A-2ED877058574}"
EndProject
Project("{FAE04EC0-301F-11D3-BF4B-00C04F79EFBC}") = "BlueLotus.LoanTransaction_Model", "BlueLotus.LoanTransactionModel\BlueLotus.LoanTransaction_Model.csproj", "{FE5070AF-E999-4B5B-8D6C-5F844A089FF2}"
EndProject
Project("{FAE04EC0-301F-11D3-BF4B-00C04F79EFBC}") = "BlueLotus.ChequeReturn.Model", "BlueLotus.ChequeReturn.Model\BlueLotus.ChequeReturn.Model.csproj", "{83D28F54-B464-44C9-9A48-084F14328A74}"
EndProject
Project("{2150E333-8FDC-42A3-9474-1A3956D46DE8}") = "Solution Items", "Solution Items", "{A9CC57EA-F01E-4770-934F-BC2143A68AC1}"
EndProject
Project("{FAE04EC0-301F-11D3-BF4B-00C04F79EFBC}") = "Budget.Model", "Budget.Model\Budget.Model.csproj", "{5D4A75E2-F7FD-4E0B-BD04-BFB137587A3D}"
EndProject
Project("{FAE04EC0-301F-11D3-BF4B-00C04F79EFBC}") = "BlueLotus.ObjModel", "BlueLotus.ObjModel\BlueLotus.ObjModel.csproj", "{1E23B5BD-24E9-4C38-B971-D1F7C4423624}"
EndProject
Project("{FAE04EC0-301F-11D3-BF4B-00C04F79EFBC}") = "BlueLots.ItemCosting.Model", "BlueLots.ItemCosting.Model\BlueLots.ItemCosting.Model.csproj", "{8BE27F9F-C99A-43C9-88D6-F7F4CB2EF0D7}"
EndProject
Project("{FAE04EC0-301F-11D3-BF4B-00C04F79EFBC}") = "BlueLotus.CdmasColCaption", "BlueLotus.CdmasColCaption\BlueLotus.CdmasColCaption.csproj", "{B0BD71FF-331F-4939-ABFD-BA5F2A7FABD4}"
EndProject
Project("{FAE04EC0-301F-11D3-BF4B-00C04F79EFBC}") = "BlueLotus.dailytodoModel", "BlueLotus.dailytodo\BlueLotus.dailytodoModel.csproj", "{81F4EE84-F466-4249-9CB1-F0F97E851877}"
EndProject
Project("{FAE04EC0-301F-11D3-BF4B-00C04F79EFBC}") = "BlueLots.Project.Model", "BlueLots.Project.Model\BlueLots.Project.Model.csproj", "{4F80D376-7885-4BF9-B2B6-5857121B3905}"
EndProject
Project("{FAE04EC0-301F-11D3-BF4B-00C04F79EFBC}") = "BlueLots.CacheClear.Model", "BlueLots.CacheClear.Model\BlueLots.CacheClear.Model.csproj", "{1D026580-97A2-4B8E-94A6-15B30D897759}"
EndProject
Project("{2150E333-8FDC-42A3-9474-1A3956D46DE8}") = "Library", "Library", "{995C359A-0A62-4D8B-B955-3EDFAE11D0E6}"
EndProject
Project("{FAE04EC0-301F-11D3-BF4B-00C04F79EFBC}") = "LibraryAssem", "LibraryAssem\LibraryAssem.csproj", "{683A05BD-B905-41B8-AFF4-76723FC45FBF}"
EndProject
Project("{2150E333-8FDC-42A3-9474-1A3956D46DE8}") = "UI2", "UI2", "{A6380FB3-80F0-44BA-946D-53EF10CCD3E2}"
EndProject
Project("{FAE04EC0-301F-11D3-BF4B-00C04F79EFBC}") = "Bluelotus.Project.Model", "Bluelotus.Project.Model\Bluelotus.Project.Model.csproj", "{9799FA33-921F-4EC8-99B4-5BCCFF22CA8F}"
EndProject
Project("{FAE04EC0-301F-11D3-BF4B-00C04F79EFBC}") = "Bluelotus.DashBoardModel", "Bluelotus.DashBoardModel\Bluelotus.DashBoardModel.csproj", "{9E2497F5-523E-4EE6-98EB-9328F055A794}"
EndProject
Global
	GlobalSection(SolutionConfigurationPlatforms) = preSolution
		Debug|Any CPU = Debug|Any CPU
		Release|Any CPU = Release|Any CPU
	EndGlobalSection
	GlobalSection(ProjectConfigurationPlatforms) = postSolution
		{56D67E0B-841F-48D2-9A09-9692AF69739D}.Debug|Any CPU.ActiveCfg = Debug|Any CPU
		{56D67E0B-841F-48D2-9A09-9692AF69739D}.Debug|Any CPU.Build.0 = Debug|Any CPU
		{56D67E0B-841F-48D2-9A09-9692AF69739D}.Release|Any CPU.ActiveCfg = Release|Any CPU
		{56D67E0B-841F-48D2-9A09-9692AF69739D}.Release|Any CPU.Build.0 = Release|Any CPU
		{B398B863-5D8F-4BE4-A841-39FD8AB23E6E}.Debug|Any CPU.ActiveCfg = Debug|Any CPU
		{B398B863-5D8F-4BE4-A841-39FD8AB23E6E}.Debug|Any CPU.Build.0 = Debug|Any CPU
		{B398B863-5D8F-4BE4-A841-39FD8AB23E6E}.Release|Any CPU.ActiveCfg = Release|Any CPU
		{B398B863-5D8F-4BE4-A841-39FD8AB23E6E}.Release|Any CPU.Build.0 = Release|Any CPU
		{8F0A2FD0-C113-4CBB-98E9-DA9649B98C0E}.Debug|Any CPU.ActiveCfg = Debug|Any CPU
		{8F0A2FD0-C113-4CBB-98E9-DA9649B98C0E}.Debug|Any CPU.Build.0 = Debug|Any CPU
		{8F0A2FD0-C113-4CBB-98E9-DA9649B98C0E}.Release|Any CPU.ActiveCfg = Release|Any CPU
		{8F0A2FD0-C113-4CBB-98E9-DA9649B98C0E}.Release|Any CPU.Build.0 = Release|Any CPU
		{6F258665-8982-4D4A-85CB-2F23243B9D54}.Debug|Any CPU.ActiveCfg = Debug|Any CPU
		{6F258665-8982-4D4A-85CB-2F23243B9D54}.Debug|Any CPU.Build.0 = Debug|Any CPU
		{6F258665-8982-4D4A-85CB-2F23243B9D54}.Release|Any CPU.ActiveCfg = Release|Any CPU
		{6F258665-8982-4D4A-85CB-2F23243B9D54}.Release|Any CPU.Build.0 = Release|Any CPU
		{A18753A9-C648-4470-93B0-F21D1884B4A1}.Debug|Any CPU.ActiveCfg = Debug|Any CPU
		{A18753A9-C648-4470-93B0-F21D1884B4A1}.Debug|Any CPU.Build.0 = Debug|Any CPU
		{A18753A9-C648-4470-93B0-F21D1884B4A1}.Release|Any CPU.ActiveCfg = Release|Any CPU
		{A18753A9-C648-4470-93B0-F21D1884B4A1}.Release|Any CPU.Build.0 = Release|Any CPU
		{1422C4E3-71E2-4059-A44A-53CCD5EDC718}.Debug|Any CPU.ActiveCfg = Debug|Any CPU
		{1422C4E3-71E2-4059-A44A-53CCD5EDC718}.Debug|Any CPU.Build.0 = Debug|Any CPU
		{1422C4E3-71E2-4059-A44A-53CCD5EDC718}.Release|Any CPU.ActiveCfg = Release|Any CPU
		{1422C4E3-71E2-4059-A44A-53CCD5EDC718}.Release|Any CPU.Build.0 = Release|Any CPU
		{ACEB80BE-2930-4D78-99E7-07E0F788E625}.Debug|Any CPU.ActiveCfg = Debug|Any CPU
		{ACEB80BE-2930-4D78-99E7-07E0F788E625}.Debug|Any CPU.Build.0 = Debug|Any CPU
		{ACEB80BE-2930-4D78-99E7-07E0F788E625}.Release|Any CPU.ActiveCfg = Release|Any CPU
		{ACEB80BE-2930-4D78-99E7-07E0F788E625}.Release|Any CPU.Build.0 = Release|Any CPU
		{CDD81AF6-1189-4D54-9138-0AAF262F595F}.Debug|Any CPU.ActiveCfg = Debug|Any CPU
		{CDD81AF6-1189-4D54-9138-0AAF262F595F}.Debug|Any CPU.Build.0 = Debug|Any CPU
		{CDD81AF6-1189-4D54-9138-0AAF262F595F}.Release|Any CPU.ActiveCfg = Release|Any CPU
		{CDD81AF6-1189-4D54-9138-0AAF262F595F}.Release|Any CPU.Build.0 = Release|Any CPU
		{4C19797E-EA24-46B7-A64B-8FD08357A31E}.Debug|Any CPU.ActiveCfg = Debug|Any CPU
		{4C19797E-EA24-46B7-A64B-8FD08357A31E}.Debug|Any CPU.Build.0 = Debug|Any CPU
		{4C19797E-EA24-46B7-A64B-8FD08357A31E}.Release|Any CPU.ActiveCfg = Release|Any CPU
		{4C19797E-EA24-46B7-A64B-8FD08357A31E}.Release|Any CPU.Build.0 = Release|Any CPU
		{01C247AE-26CC-45A7-8C83-72AFEBB39357}.Debug|Any CPU.ActiveCfg = Debug|Any CPU
		{01C247AE-26CC-45A7-8C83-72AFEBB39357}.Debug|Any CPU.Build.0 = Debug|Any CPU
		{01C247AE-26CC-45A7-8C83-72AFEBB39357}.Release|Any CPU.ActiveCfg = Release|Any CPU
		{01C247AE-26CC-45A7-8C83-72AFEBB39357}.Release|Any CPU.Build.0 = Release|Any CPU
		{DD6C08D2-3679-43DE-AEC5-575038FD56DA}.Debug|Any CPU.ActiveCfg = Debug|Any CPU
		{DD6C08D2-3679-43DE-AEC5-575038FD56DA}.Debug|Any CPU.Build.0 = Debug|Any CPU
		{DD6C08D2-3679-43DE-AEC5-575038FD56DA}.Release|Any CPU.ActiveCfg = Release|Any CPU
		{DD6C08D2-3679-43DE-AEC5-575038FD56DA}.Release|Any CPU.Build.0 = Release|Any CPU
		{2DE35C1E-2EB0-47DE-8710-2771CE5A0649}.Debug|Any CPU.ActiveCfg = Debug|Any CPU
		{2DE35C1E-2EB0-47DE-8710-2771CE5A0649}.Debug|Any CPU.Build.0 = Debug|Any CPU
		{2DE35C1E-2EB0-47DE-8710-2771CE5A0649}.Release|Any CPU.ActiveCfg = Release|Any CPU
		{2DE35C1E-2EB0-47DE-8710-2771CE5A0649}.Release|Any CPU.Build.0 = Release|Any CPU
		{A11A6C19-54F7-48F7-AD7B-6EEFA827394A}.Debug|Any CPU.ActiveCfg = Debug|Any CPU
		{A11A6C19-54F7-48F7-AD7B-6EEFA827394A}.Debug|Any CPU.Build.0 = Debug|Any CPU
		{A11A6C19-54F7-48F7-AD7B-6EEFA827394A}.Release|Any CPU.ActiveCfg = Release|Any CPU
		{A11A6C19-54F7-48F7-AD7B-6EEFA827394A}.Release|Any CPU.Build.0 = Release|Any CPU
		{8C942E03-CA47-4A52-8792-004DDFC7B2F7}.Debug|Any CPU.ActiveCfg = Debug|Any CPU
		{8C942E03-CA47-4A52-8792-004DDFC7B2F7}.Debug|Any CPU.Build.0 = Debug|Any CPU
		{8C942E03-CA47-4A52-8792-004DDFC7B2F7}.Release|Any CPU.ActiveCfg = Release|Any CPU
		{8C942E03-CA47-4A52-8792-004DDFC7B2F7}.Release|Any CPU.Build.0 = Release|Any CPU
		{CB57DABC-BFCF-4995-B547-EF2167C30271}.Debug|Any CPU.ActiveCfg = Debug|Any CPU
		{CB57DABC-BFCF-4995-B547-EF2167C30271}.Debug|Any CPU.Build.0 = Debug|Any CPU
		{CB57DABC-BFCF-4995-B547-EF2167C30271}.Release|Any CPU.ActiveCfg = Release|Any CPU
		{CB57DABC-BFCF-4995-B547-EF2167C30271}.Release|Any CPU.Build.0 = Release|Any CPU
		{E157DFAA-8FA9-47EA-B852-AE67C1A97C5E}.Debug|Any CPU.ActiveCfg = Debug|Any CPU
		{E157DFAA-8FA9-47EA-B852-AE67C1A97C5E}.Debug|Any CPU.Build.0 = Debug|Any CPU
		{E157DFAA-8FA9-47EA-B852-AE67C1A97C5E}.Release|Any CPU.ActiveCfg = Release|Any CPU
		{E157DFAA-8FA9-47EA-B852-AE67C1A97C5E}.Release|Any CPU.Build.0 = Release|Any CPU
		{EE1F7CCE-5851-4007-85D1-D79833DE785A}.Debug|Any CPU.ActiveCfg = Debug|Any CPU
		{EE1F7CCE-5851-4007-85D1-D79833DE785A}.Debug|Any CPU.Build.0 = Debug|Any CPU
		{EE1F7CCE-5851-4007-85D1-D79833DE785A}.Release|Any CPU.ActiveCfg = Release|Any CPU
		{EE1F7CCE-5851-4007-85D1-D79833DE785A}.Release|Any CPU.Build.0 = Release|Any CPU
		{2D958CC5-473C-41AF-87F6-7D4434EEBEA5}.Debug|Any CPU.ActiveCfg = Debug|Any CPU
		{2D958CC5-473C-41AF-87F6-7D4434EEBEA5}.Debug|Any CPU.Build.0 = Debug|Any CPU
		{2D958CC5-473C-41AF-87F6-7D4434EEBEA5}.Release|Any CPU.ActiveCfg = Release|Any CPU
		{2D958CC5-473C-41AF-87F6-7D4434EEBEA5}.Release|Any CPU.Build.0 = Release|Any CPU
		{7B037575-984D-4BE1-B614-539E1F38678A}.Debug|Any CPU.ActiveCfg = Debug|Any CPU
		{7B037575-984D-4BE1-B614-539E1F38678A}.Debug|Any CPU.Build.0 = Debug|Any CPU
		{7B037575-984D-4BE1-B614-539E1F38678A}.Release|Any CPU.ActiveCfg = Release|Any CPU
		{7B037575-984D-4BE1-B614-539E1F38678A}.Release|Any CPU.Build.0 = Release|Any CPU
		{67B9FF34-B0AA-44E7-858A-A7EFA8AC482F}.Debug|Any CPU.ActiveCfg = Debug|Any CPU
		{67B9FF34-B0AA-44E7-858A-A7EFA8AC482F}.Debug|Any CPU.Build.0 = Debug|Any CPU
		{67B9FF34-B0AA-44E7-858A-A7EFA8AC482F}.Release|Any CPU.ActiveCfg = Release|Any CPU
		{67B9FF34-B0AA-44E7-858A-A7EFA8AC482F}.Release|Any CPU.Build.0 = Release|Any CPU
		{C9A3EE58-E536-489C-8114-4B73C9D9D640}.Debug|Any CPU.ActiveCfg = Debug|Any CPU
		{C9A3EE58-E536-489C-8114-4B73C9D9D640}.Debug|Any CPU.Build.0 = Debug|Any CPU
		{C9A3EE58-E536-489C-8114-4B73C9D9D640}.Release|Any CPU.ActiveCfg = Release|Any CPU
		{C9A3EE58-E536-489C-8114-4B73C9D9D640}.Release|Any CPU.Build.0 = Release|Any CPU
		{D06058CD-67BA-4010-BE1E-26B3A47CFFD2}.Debug|Any CPU.ActiveCfg = Debug|Any CPU
		{D06058CD-67BA-4010-BE1E-26B3A47CFFD2}.Debug|Any CPU.Build.0 = Debug|Any CPU
		{D06058CD-67BA-4010-BE1E-26B3A47CFFD2}.Release|Any CPU.ActiveCfg = Release|Any CPU
		{D06058CD-67BA-4010-BE1E-26B3A47CFFD2}.Release|Any CPU.Build.0 = Release|Any CPU
		{3C667EF6-9195-4A60-8843-8F5AAFAE0F29}.Debug|Any CPU.ActiveCfg = Debug|Any CPU
		{3C667EF6-9195-4A60-8843-8F5AAFAE0F29}.Debug|Any CPU.Build.0 = Debug|Any CPU
		{3C667EF6-9195-4A60-8843-8F5AAFAE0F29}.Release|Any CPU.ActiveCfg = Release|Any CPU
		{3C667EF6-9195-4A60-8843-8F5AAFAE0F29}.Release|Any CPU.Build.0 = Release|Any CPU
		{39AB9A77-E309-4759-895B-F62974C4E993}.Debug|Any CPU.ActiveCfg = Debug|Any CPU
		{39AB9A77-E309-4759-895B-F62974C4E993}.Debug|Any CPU.Build.0 = Debug|Any CPU
		{39AB9A77-E309-4759-895B-F62974C4E993}.Release|Any CPU.ActiveCfg = Release|Any CPU
		{39AB9A77-E309-4759-895B-F62974C4E993}.Release|Any CPU.Build.0 = Release|Any CPU
		{71B23D44-9594-4F4A-BC4B-BE8723E4DEB0}.Debug|Any CPU.ActiveCfg = Debug|Any CPU
		{71B23D44-9594-4F4A-BC4B-BE8723E4DEB0}.Debug|Any CPU.Build.0 = Debug|Any CPU
		{71B23D44-9594-4F4A-BC4B-BE8723E4DEB0}.Release|Any CPU.ActiveCfg = Release|Any CPU
		{71B23D44-9594-4F4A-BC4B-BE8723E4DEB0}.Release|Any CPU.Build.0 = Release|Any CPU
		{F87A1E1B-766D-4663-AA9E-F4B1CF500380}.Debug|Any CPU.ActiveCfg = Debug|Any CPU
		{F87A1E1B-766D-4663-AA9E-F4B1CF500380}.Debug|Any CPU.Build.0 = Debug|Any CPU
		{F87A1E1B-766D-4663-AA9E-F4B1CF500380}.Release|Any CPU.ActiveCfg = Release|Any CPU
		{F87A1E1B-766D-4663-AA9E-F4B1CF500380}.Release|Any CPU.Build.0 = Release|Any CPU
		{35EB7CA3-0E30-43F4-AFF5-E75206F96633}.Debug|Any CPU.ActiveCfg = Debug|Any CPU
		{35EB7CA3-0E30-43F4-AFF5-E75206F96633}.Debug|Any CPU.Build.0 = Debug|Any CPU
		{35EB7CA3-0E30-43F4-AFF5-E75206F96633}.Release|Any CPU.ActiveCfg = Release|Any CPU
		{35EB7CA3-0E30-43F4-AFF5-E75206F96633}.Release|Any CPU.Build.0 = Release|Any CPU
		{F49F3D0B-53B8-42EC-A064-75F70B6CBE17}.Debug|Any CPU.ActiveCfg = Debug|Any CPU
		{F49F3D0B-53B8-42EC-A064-75F70B6CBE17}.Debug|Any CPU.Build.0 = Debug|Any CPU
		{F49F3D0B-53B8-42EC-A064-75F70B6CBE17}.Release|Any CPU.ActiveCfg = Release|Any CPU
		{F49F3D0B-53B8-42EC-A064-75F70B6CBE17}.Release|Any CPU.Build.0 = Release|Any CPU
		{1F8D6F1E-E4EC-42A6-B467-DEAF36AF18D6}.Debug|Any CPU.ActiveCfg = Debug|Any CPU
		{1F8D6F1E-E4EC-42A6-B467-DEAF36AF18D6}.Debug|Any CPU.Build.0 = Debug|Any CPU
		{1F8D6F1E-E4EC-42A6-B467-DEAF36AF18D6}.Release|Any CPU.ActiveCfg = Release|Any CPU
		{1F8D6F1E-E4EC-42A6-B467-DEAF36AF18D6}.Release|Any CPU.Build.0 = Release|Any CPU
		{B9806956-DAC0-4E55-9A84-F319B77EE27D}.Debug|Any CPU.ActiveCfg = Debug|Any CPU
		{B9806956-DAC0-4E55-9A84-F319B77EE27D}.Debug|Any CPU.Build.0 = Debug|Any CPU
		{B9806956-DAC0-4E55-9A84-F319B77EE27D}.Release|Any CPU.ActiveCfg = Release|Any CPU
		{B9806956-DAC0-4E55-9A84-F319B77EE27D}.Release|Any CPU.Build.0 = Release|Any CPU
		{4DBBD000-AE35-43A4-854A-2ED877058574}.Debug|Any CPU.ActiveCfg = Debug|Any CPU
		{4DBBD000-AE35-43A4-854A-2ED877058574}.Debug|Any CPU.Build.0 = Debug|Any CPU
		{4DBBD000-AE35-43A4-854A-2ED877058574}.Release|Any CPU.ActiveCfg = Release|Any CPU
		{4DBBD000-AE35-43A4-854A-2ED877058574}.Release|Any CPU.Build.0 = Release|Any CPU
		{FE5070AF-E999-4B5B-8D6C-5F844A089FF2}.Debug|Any CPU.ActiveCfg = Debug|Any CPU
		{FE5070AF-E999-4B5B-8D6C-5F844A089FF2}.Debug|Any CPU.Build.0 = Debug|Any CPU
		{FE5070AF-E999-4B5B-8D6C-5F844A089FF2}.Release|Any CPU.ActiveCfg = Release|Any CPU
		{FE5070AF-E999-4B5B-8D6C-5F844A089FF2}.Release|Any CPU.Build.0 = Release|Any CPU
		{83D28F54-B464-44C9-9A48-084F14328A74}.Debug|Any CPU.ActiveCfg = Debug|Any CPU
		{83D28F54-B464-44C9-9A48-084F14328A74}.Debug|Any CPU.Build.0 = Debug|Any CPU
		{83D28F54-B464-44C9-9A48-084F14328A74}.Release|Any CPU.ActiveCfg = Release|Any CPU
		{83D28F54-B464-44C9-9A48-084F14328A74}.Release|Any CPU.Build.0 = Release|Any CPU
		{5D4A75E2-F7FD-4E0B-BD04-BFB137587A3D}.Debug|Any CPU.ActiveCfg = Debug|Any CPU
		{5D4A75E2-F7FD-4E0B-BD04-BFB137587A3D}.Debug|Any CPU.Build.0 = Debug|Any CPU
		{5D4A75E2-F7FD-4E0B-BD04-BFB137587A3D}.Release|Any CPU.ActiveCfg = Release|Any CPU
		{5D4A75E2-F7FD-4E0B-BD04-BFB137587A3D}.Release|Any CPU.Build.0 = Release|Any CPU
		{1E23B5BD-24E9-4C38-B971-D1F7C4423624}.Debug|Any CPU.ActiveCfg = Debug|Any CPU
		{1E23B5BD-24E9-4C38-B971-D1F7C4423624}.Debug|Any CPU.Build.0 = Debug|Any CPU
		{1E23B5BD-24E9-4C38-B971-D1F7C4423624}.Release|Any CPU.ActiveCfg = Release|Any CPU
		{1E23B5BD-24E9-4C38-B971-D1F7C4423624}.Release|Any CPU.Build.0 = Release|Any CPU
		{8BE27F9F-C99A-43C9-88D6-F7F4CB2EF0D7}.Debug|Any CPU.ActiveCfg = Debug|Any CPU
		{8BE27F9F-C99A-43C9-88D6-F7F4CB2EF0D7}.Debug|Any CPU.Build.0 = Debug|Any CPU
		{8BE27F9F-C99A-43C9-88D6-F7F4CB2EF0D7}.Release|Any CPU.ActiveCfg = Release|Any CPU
		{8BE27F9F-C99A-43C9-88D6-F7F4CB2EF0D7}.Release|Any CPU.Build.0 = Release|Any CPU
		{B0BD71FF-331F-4939-ABFD-BA5F2A7FABD4}.Debug|Any CPU.ActiveCfg = Debug|Any CPU
		{B0BD71FF-331F-4939-ABFD-BA5F2A7FABD4}.Debug|Any CPU.Build.0 = Debug|Any CPU
		{B0BD71FF-331F-4939-ABFD-BA5F2A7FABD4}.Release|Any CPU.ActiveCfg = Release|Any CPU
		{B0BD71FF-331F-4939-ABFD-BA5F2A7FABD4}.Release|Any CPU.Build.0 = Release|Any CPU
		{81F4EE84-F466-4249-9CB1-F0F97E851877}.Debug|Any CPU.ActiveCfg = Debug|Any CPU
		{81F4EE84-F466-4249-9CB1-F0F97E851877}.Debug|Any CPU.Build.0 = Debug|Any CPU
		{81F4EE84-F466-4249-9CB1-F0F97E851877}.Release|Any CPU.ActiveCfg = Release|Any CPU
		{81F4EE84-F466-4249-9CB1-F0F97E851877}.Release|Any CPU.Build.0 = Release|Any CPU
		{4F80D376-7885-4BF9-B2B6-5857121B3905}.Debug|Any CPU.ActiveCfg = Debug|Any CPU
		{4F80D376-7885-4BF9-B2B6-5857121B3905}.Debug|Any CPU.Build.0 = Debug|Any CPU
		{4F80D376-7885-4BF9-B2B6-5857121B3905}.Release|Any CPU.ActiveCfg = Release|Any CPU
		{4F80D376-7885-4BF9-B2B6-5857121B3905}.Release|Any CPU.Build.0 = Release|Any CPU
		{1D026580-97A2-4B8E-94A6-15B30D897759}.Debug|Any CPU.ActiveCfg = Debug|Any CPU
		{1D026580-97A2-4B8E-94A6-15B30D897759}.Debug|Any CPU.Build.0 = Debug|Any CPU
		{1D026580-97A2-4B8E-94A6-15B30D897759}.Release|Any CPU.ActiveCfg = Release|Any CPU
		{1D026580-97A2-4B8E-94A6-15B30D897759}.Release|Any CPU.Build.0 = Release|Any CPU
		{683A05BD-B905-41B8-AFF4-76723FC45FBF}.Debug|Any CPU.ActiveCfg = Debug|Any CPU
		{683A05BD-B905-41B8-AFF4-76723FC45FBF}.Debug|Any CPU.Build.0 = Debug|Any CPU
		{683A05BD-B905-41B8-AFF4-76723FC45FBF}.Release|Any CPU.ActiveCfg = Release|Any CPU
		{683A05BD-B905-41B8-AFF4-76723FC45FBF}.Release|Any CPU.Build.0 = Release|Any CPU
		{9799FA33-921F-4EC8-99B4-5BCCFF22CA8F}.Debug|Any CPU.ActiveCfg = Debug|Any CPU
		{9799FA33-921F-4EC8-99B4-5BCCFF22CA8F}.Debug|Any CPU.Build.0 = Debug|Any CPU
		{9799FA33-921F-4EC8-99B4-5BCCFF22CA8F}.Release|Any CPU.ActiveCfg = Release|Any CPU
		{9799FA33-921F-4EC8-99B4-5BCCFF22CA8F}.Release|Any CPU.Build.0 = Release|Any CPU
		{9E2497F5-523E-4EE6-98EB-9328F055A794}.Debug|Any CPU.ActiveCfg = Debug|Any CPU
		{9E2497F5-523E-4EE6-98EB-9328F055A794}.Debug|Any CPU.Build.0 = Debug|Any CPU
		{9E2497F5-523E-4EE6-98EB-9328F055A794}.Release|Any CPU.ActiveCfg = Release|Any CPU
		{9E2497F5-523E-4EE6-98EB-9328F055A794}.Release|Any CPU.Build.0 = Release|Any CPU
	EndGlobalSection
	GlobalSection(SolutionProperties) = preSolution
		HideSolutionNode = FALSE
	EndGlobalSection
	GlobalSection(NestedProjects) = preSolution
		{56D67E0B-841F-48D2-9A09-9692AF69739D} = {E9EFC34B-C2BC-4050-824D-59A6FC5F26F1}
		{B398B863-5D8F-4BE4-A841-39FD8AB23E6E} = {08DF46C0-C295-4F2C-A94C-8D2E8724E735}
		{8F0A2FD0-C113-4CBB-98E9-DA9649B98C0E} = {E9EFC34B-C2BC-4050-824D-59A6FC5F26F1}
		{6F258665-8982-4D4A-85CB-2F23243B9D54} = {E9EFC34B-C2BC-4050-824D-59A6FC5F26F1}
		{A18753A9-C648-4470-93B0-F21D1884B4A1} = {E9EFC34B-C2BC-4050-824D-59A6FC5F26F1}
		{1422C4E3-71E2-4059-A44A-53CCD5EDC718} = {E9EFC34B-C2BC-4050-824D-59A6FC5F26F1}
		{ACEB80BE-2930-4D78-99E7-07E0F788E625} = {E9EFC34B-C2BC-4050-824D-59A6FC5F26F1}
		{CDD81AF6-1189-4D54-9138-0AAF262F595F} = {E9EFC34B-C2BC-4050-824D-59A6FC5F26F1}
		{4C19797E-EA24-46B7-A64B-8FD08357A31E} = {E9EFC34B-C2BC-4050-824D-59A6FC5F26F1}
		{01C247AE-26CC-45A7-8C83-72AFEBB39357} = {E9EFC34B-C2BC-4050-824D-59A6FC5F26F1}
		{DD6C08D2-3679-43DE-AEC5-575038FD56DA} = {E9EFC34B-C2BC-4050-824D-59A6FC5F26F1}
		{2DE35C1E-2EB0-47DE-8710-2771CE5A0649} = {E9EFC34B-C2BC-4050-824D-59A6FC5F26F1}
		{A11A6C19-54F7-48F7-AD7B-6EEFA827394A} = {E9EFC34B-C2BC-4050-824D-59A6FC5F26F1}
		{8C942E03-CA47-4A52-8792-004DDFC7B2F7} = {E9EFC34B-C2BC-4050-824D-59A6FC5F26F1}
		{CB57DABC-BFCF-4995-B547-EF2167C30271} = {E9EFC34B-C2BC-4050-824D-59A6FC5F26F1}
		{E157DFAA-8FA9-47EA-B852-AE67C1A97C5E} = {E9EFC34B-C2BC-4050-824D-59A6FC5F26F1}
		{EE1F7CCE-5851-4007-85D1-D79833DE785A} = {E9EFC34B-C2BC-4050-824D-59A6FC5F26F1}
		{2D958CC5-473C-41AF-87F6-7D4434EEBEA5} = {E9EFC34B-C2BC-4050-824D-59A6FC5F26F1}
		{7B037575-984D-4BE1-B614-539E1F38678A} = {E9EFC34B-C2BC-4050-824D-59A6FC5F26F1}
		{67B9FF34-B0AA-44E7-858A-A7EFA8AC482F} = {E9EFC34B-C2BC-4050-824D-59A6FC5F26F1}
		{C9A3EE58-E536-489C-8114-4B73C9D9D640} = {E9EFC34B-C2BC-4050-824D-59A6FC5F26F1}
		{D06058CD-67BA-4010-BE1E-26B3A47CFFD2} = {E9EFC34B-C2BC-4050-824D-59A6FC5F26F1}
		{3C667EF6-9195-4A60-8843-8F5AAFAE0F29} = {E9EFC34B-C2BC-4050-824D-59A6FC5F26F1}
		{39AB9A77-E309-4759-895B-F62974C4E993} = {E9EFC34B-C2BC-4050-824D-59A6FC5F26F1}
		{71B23D44-9594-4F4A-BC4B-BE8723E4DEB0} = {E9EFC34B-C2BC-4050-824D-59A6FC5F26F1}
		{F87A1E1B-766D-4663-AA9E-F4B1CF500380} = {E9EFC34B-C2BC-4050-824D-59A6FC5F26F1}
		{35EB7CA3-0E30-43F4-AFF5-E75206F96633} = {E9EFC34B-C2BC-4050-824D-59A6FC5F26F1}
		{F49F3D0B-53B8-42EC-A064-75F70B6CBE17} = {E9EFC34B-C2BC-4050-824D-59A6FC5F26F1}
		{1F8D6F1E-E4EC-42A6-B467-DEAF36AF18D6} = {E9EFC34B-C2BC-4050-824D-59A6FC5F26F1}
		{B9806956-DAC0-4E55-9A84-F319B77EE27D} = {E9EFC34B-C2BC-4050-824D-59A6FC5F26F1}
		{4DBBD000-AE35-43A4-854A-2ED877058574} = {E9EFC34B-C2BC-4050-824D-59A6FC5F26F1}
		{FE5070AF-E999-4B5B-8D6C-5F844A089FF2} = {E9EFC34B-C2BC-4050-824D-59A6FC5F26F1}
		{83D28F54-B464-44C9-9A48-084F14328A74} = {E9EFC34B-C2BC-4050-824D-59A6FC5F26F1}
		{5D4A75E2-F7FD-4E0B-BD04-BFB137587A3D} = {E9EFC34B-C2BC-4050-824D-59A6FC5F26F1}
		{1E23B5BD-24E9-4C38-B971-D1F7C4423624} = {E9EFC34B-C2BC-4050-824D-59A6FC5F26F1}
		{8BE27F9F-C99A-43C9-88D6-F7F4CB2EF0D7} = {E9EFC34B-C2BC-4050-824D-59A6FC5F26F1}
		{B0BD71FF-331F-4939-ABFD-BA5F2A7FABD4} = {E9EFC34B-C2BC-4050-824D-59A6FC5F26F1}
		{81F4EE84-F466-4249-9CB1-F0F97E851877} = {E9EFC34B-C2BC-4050-824D-59A6FC5F26F1}
		{4F80D376-7885-4BF9-B2B6-5857121B3905} = {E9EFC34B-C2BC-4050-824D-59A6FC5F26F1}
		{1D026580-97A2-4B8E-94A6-15B30D897759} = {E9EFC34B-C2BC-4050-824D-59A6FC5F26F1}
		{9799FA33-921F-4EC8-99B4-5BCCFF22CA8F} = {E9EFC34B-C2BC-4050-824D-59A6FC5F26F1}
		{9E2497F5-523E-4EE6-98EB-9328F055A794} = {E9EFC34B-C2BC-4050-824D-59A6FC5F26F1}
	EndGlobalSection
	GlobalSection(ExtensibilityGlobals) = postSolution
		SolutionGuid = {8994C2F6-D2EF-46A0-9EC7-32CAC0FCE3CD}
	EndGlobalSection
EndGlobal
